<?xml version="1.0" encoding="UTF-8"?>
<CONFIG>
  <ProjectOptions>
    <Version Value="11"/>
    <PathDelim Value="\"/>
    <General>
      <SessionStorage Value="InProjectDir"/>
      <MainUnit Value="0"/>
      <Title Value="CalcToolbox2"/>
      <Scaled Value="True"/>
      <ResourceType Value="res"/>
      <UseXPManifest Value="True"/>
      <XPManifest>
        <DpiAware Value="True"/>
      </XPManifest>
    </General>
    <i18n>
      <EnableI18N Value="True"/>
      <OutDir Value="lang"/>
      <ExcludedIdentifiers Count="135">
        <Item1 Value="tfrmmain.btncrc_crc16_ccitt.caption"/>
        <Item2 Value="tfrmmain.btncrc_crc16_ccitt_false.caption"/>
        <Item3 Value="tfrmmain.btncrc_crc16_dnp.caption"/>
        <Item4 Value="tfrmmain.btncrc_crc16_ibm.caption"/>
        <Item5 Value="tfrmmain.btncrc_crc16_maxim.caption"/>
        <Item6 Value="tfrmmain.btncrc_crc16_modbus.caption"/>
        <Item7 Value="tfrmmain.btncrc_crc16_usb.caption"/>
        <Item8 Value="tfrmmain.btncrc_crc16_x25.caption"/>
        <Item9 Value="tfrmmain.btncrc_crc16_xmodem.caption"/>
        <Item10 Value="tfrmmain.btncrc_crc32.caption"/>
        <Item11 Value="tfrmmain.btncrc_crc32_bzip2.caption"/>
        <Item12 Value="tfrmmain.btncrc_crc32_jamcrc.caption"/>
        <Item13 Value="tfrmmain.btncrc_crc32_mpeg2.caption"/>
        <Item14 Value="tfrmmain.btncrc_crc32_posix.caption"/>
        <Item15 Value="tfrmmain.btncrc_crc4_itu.caption"/>
        <Item16 Value="tfrmmain.btncrc_crc5_epc.caption"/>
        <Item17 Value="tfrmmain.btncrc_crc5_itu.caption"/>
        <Item18 Value="tfrmmain.btncrc_crc5_usb.caption"/>
        <Item19 Value="tfrmmain.btncrc_crc6_itu.caption"/>
        <Item20 Value="tfrmmain.btncrc_crc7_mmc.caption"/>
        <Item21 Value="tfrmmain.btncrc_crc8.caption"/>
        <Item22 Value="tfrmmain.btncrc_crc8_cdma2000.caption"/>
        <Item23 Value="tfrmmain.btncrc_crc8_itu.caption"/>
        <Item24 Value="tfrmmain.btncrc_crc8_maxim.caption"/>
        <Item25 Value="tfrmmain.btncrc_crc8_rohc.caption"/>
        <Item26 Value="tfrmmain.btncrc_crc8_wcdma.caption"/>
        <Item27 Value="tfrmmain.btncrcbuflen.caption"/>
        <Item28 Value="tfrmmain.btncrccalc.caption"/>
        <Item29 Value="tfrmmain.btncrcinitv.caption"/>
        <Item30 Value="tfrmmain.btncrcpolygon.caption"/>
        <Item31 Value="tfrmmain.btncrcsum16.caption"/>
        <Item32 Value="tfrmmain.btncrcsum8.caption"/>
        <Item33 Value="tfrmmain.btncrcxor.caption"/>
        <Item34 Value="tfrmmain.btncrcxorout.caption"/>
        <Item35 Value="tfrmmain.caption"/>
        <Item36 Value="tfrmmain.chkchecksumfilecrc32.caption"/>
        <Item37 Value="tfrmmain.chkchecksumfilemd5.caption"/>
        <Item38 Value="tfrmmain.chkchecksumfilesha1.caption"/>
        <Item39 Value="tfrmmain.edtbytesnum.text"/>
        <Item40 Value="tfrmmain.edtcrcinitv.text"/>
        <Item41 Value="tfrmmain.edtcrcpolygon.text"/>
        <Item42 Value="tfrmmain.edtcrcxorout.text"/>
        <Item43 Value="tfrmmain.lbaboutfreeware.caption"/>
        <Item44 Value="tfrmmain.lbAboutFreeware.caption"/>
        <Item45 Value="tfrmmain.lbchecksumfilehint.caption"/>
        <Item46 Value="tfrmmain.lbname.caption"/>
        <Item47 Value="tfrmmain.lbver.caption"/>
        <Item48 Value="tfrmmain.pnloptionfontpreview.caption"/>
        <Item49 Value="tfrmmain.sgcalcexpr.columns[0].title.caption"/>
        <Item50 Value="tfrmmain.sgcalcexpr.columns[1].title.caption"/>
        <Item51 Value="tfrmmain.sgchecksumfile.columns[0].title.caption"/>
        <Item52 Value="tfrmmain.sgchecksumfile.columns[1].title.caption"/>
        <Item53 Value="tfrmmain.sgchecksumfile.columns[2].title.caption"/>
        <Item54 Value="tfrmmain.sgchecksumfile.columns[3].title.caption"/>
        <Item55 Value="tfrmmain.tschecksumcrc.caption"/>
        <Item56 Value="tfrmmain.tsscriptlc.caption"/>
        <Item57 Value="tfrmmain.tsscriptlogo.caption"/>
        <Item58 Value="tfrmmain.tsscriptlua.caption"/>
        <Item59 Value="tfrmmain.tsscriptmpy.caption"/>
        <Item60 Value="tfrmmain.tsscriptpascal.caption"/>
        <Item61 Value="tfrmmain.sgconverttime.columns[0].title.caption"/>
        <Item62 Value="tfrmmain.sgconverttime.columns[1].title.caption"/>
        <Item63 Value="tfrmmain.sgconverttime.columns[2].title.caption"/>
        <Item64 Value="tfrmmain.sgconverttime.columns[3].title.caption"/>
        <Item65 Value="tfrmmain.sgconverttime.columns[4].title.caption"/>
        <Item66 Value="tfrmmain.sgconverttime.columns[5].title.caption"/>
        <Item67 Value="tfrmmain.sgconverttime.columns[6].title.caption"/>
        <Item68 Value="tfrmmain.lbcalcexpression.hint"/>
        <Item69 Value="tfrmmain.lbcalcresult.hint"/>
        <Item70 Value="tfrmmain.lbconvertdistanceastronomical.hint"/>
        <Item71 Value="tfrmmain.lbconvertdistancecable.hint"/>
        <Item72 Value="tfrmmain.lbconvertdistancecentimeter.hint"/>
        <Item73 Value="tfrmmain.lbconvertdistancechain.hint"/>
        <Item74 Value="tfrmmain.lbconvertdistancechi.hint"/>
        <Item75 Value="tfrmmain.lbconvertdistancecun.hint"/>
        <Item76 Value="tfrmmain.lbconvertdistancedecimeter.hint"/>
        <Item77 Value="tfrmmain.lbconvertdistancefathom.hint"/>
        <Item78 Value="tfrmmain.lbconvertdistancefoot.hint"/>
        <Item79 Value="tfrmmain.lbconvertdistancefurlong.hint"/>
        <Item80 Value="tfrmmain.lbconvertdistanceinch.hint"/>
        <Item81 Value="tfrmmain.lbconvertdistancekilometer.hint"/>
        <Item82 Value="tfrmmain.lbconvertdistanceli.hint"/>
        <Item83 Value="tfrmmain.lbconvertdistancelightyear.hint"/>
        <Item84 Value="tfrmmain.lbconvertdistancemeter.hint"/>
        <Item85 Value="tfrmmain.lbconvertdistancemicron.hint"/>
        <Item86 Value="tfrmmain.lbconvertdistancemil.hint"/>
        <Item87 Value="tfrmmain.lbconvertdistancemile.hint"/>
        <Item88 Value="tfrmmain.lbconvertdistancemillimeter.hint"/>
        <Item89 Value="tfrmmain.lbconvertdistancenanometer.hint"/>
        <Item90 Value="tfrmmain.lbconvertdistancenauticamilenm.hint"/>
        <Item91 Value="tfrmmain.lbconvertdistancenauticamileuk.hint"/>
        <Item92 Value="tfrmmain.lbconvertdistancenauticamileus.hint"/>
        <Item93 Value="tfrmmain.lbconvertdistancevalue.hint"/>
        <Item94 Value="tfrmmain.lbconvertdistanceyard.hint"/>
        <Item95 Value="tfrmmain.lbconvertdistancezhang.hint"/>
        <Item96 Value="tfrmmain.lbconverttemperaturecelsius.hint"/>
        <Item97 Value="tfrmmain.lbconverttemperaturefahrenheit.hint"/>
        <Item98 Value="tfrmmain.lbconverttemperaturekelvin.hint"/>
        <Item99 Value="tfrmmain.lbconverttemperaturenewton.hint"/>
        <Item100 Value="tfrmmain.lbconverttemperaturerankine.hint"/>
        <Item101 Value="tfrmmain.lbconverttemperaturereaumur.hint"/>
        <Item102 Value="tfrmmain.lbconverttemperaturevalue.hint"/>
        <Item103 Value="tfrmmain.lbconverttimeday.hint"/>
        <Item104 Value="tfrmmain.lbconverttimedaysbetween.hint"/>
        <Item105 Value="tfrmmain.lbconverttimedaysoftheyear.hint"/>
        <Item106 Value="tfrmmain.lbconverttimehour.hint"/>
        <Item107 Value="tfrmmain.lbconverttimehoursbetween.hint"/>
        <Item108 Value="tfrmmain.lbconverttimehoursofthemonth.hint"/>
        <Item109 Value="tfrmmain.lbconverttimehoursoftheyear.hint"/>
        <Item110 Value="tfrmmain.lbconverttimemillisecondsbetween.hint"/>
        <Item111 Value="tfrmmain.lbconverttimeminute.hint"/>
        <Item112 Value="tfrmmain.lbconverttimeminutesbetween.hint"/>
        <Item113 Value="tfrmmain.lbconverttimeminutesoftheday.hint"/>
        <Item114 Value="tfrmmain.lbconverttimeminutesofthemonth.hint"/>
        <Item115 Value="tfrmmain.lbconverttimeminutesoftheyear.hint"/>
        <Item116 Value="tfrmmain.lbconverttimemonth.hint"/>
        <Item117 Value="tfrmmain.lbconverttimemonthsbetween.hint"/>
        <Item118 Value="tfrmmain.lbconverttimesecond.hint"/>
        <Item119 Value="tfrmmain.lbconverttimesecondsbetween.hint"/>
        <Item120 Value="tfrmmain.lbconverttimesecondsoftheday.hint"/>
        <Item121 Value="tfrmmain.lbconverttimesecondsofthemonth.hint"/>
        <Item122 Value="tfrmmain.lbconverttimesecondsoftheyear.hint"/>
        <Item123 Value="tfrmmain.lbconverttimetimebetween.hint"/>
        <Item124 Value="tfrmmain.lbconverttimevalue.hint"/>
        <Item125 Value="tfrmmain.lbconverttimeweeksbetween.hint"/>
        <Item126 Value="tfrmmain.lbconverttimeweeksoftheyear.hint"/>
        <Item127 Value="tfrmmain.lbconverttimeyear.hint"/>
        <Item128 Value="tfrmmain.lbconverttimeyearsbetween.hint"/>
        <Item129 Value="tfrmmain.lbdigitbasebase.hint"/>
        <Item130 Value="tfrmmain.lbdigitbasecustom.hint"/>
        <Item131 Value="tfrmmain.lbdigitbasenumber.hint"/>
        <Item132 Value="tfrmmain.lbtinycwebsite1.hint"/>
        <Item133 Value="tfrmmain.lbtinycwebsite2.hint"/>
        <Item134 Value="tfrmmain.lbtinycwebsite2.caption"/>
        <Item135 Value="tfrmmain.lbtinycwebsite1.caption"/>
      </ExcludedIdentifiers>
    </i18n>
    <VersionInfo>
      <UseVersionInfo Value="True"/>
      <AutoIncrementBuild Value="True"/>
      <MajorVersionNr Value="2"/>
      <BuildNr Value="20"/>
    </VersionInfo>
    <BuildModes Count="1">
      <Item1 Name="Default" Default="True"/>
    </BuildModes>
    <PublishOptions>
      <Version Value="2"/>
      <UseFileFilters Value="True"/>
    </PublishOptions>
    <RunParams>
      <FormatVersion Value="2"/>
      <Modes Count="0"/>
    </RunParams>
    <RequiredPackages Count="5">
      <Item1>
        <PackageName Value="richmemopackage"/>
      </Item1>
      <Item2>
        <PackageName Value="FCL"/>
      </Item2>
      <Item3>
        <PackageName Value="SynEdit"/>
      </Item3>
      <Item4>
        <PackageName Value="pascalscript"/>
      </Item4>
      <Item5>
        <PackageName Value="LCL"/>
      </Item5>
    </RequiredPackages>
    <Units Count="2">
      <Unit0>
        <Filename Value="calctoolbox2.lpr"/>
        <IsPartOfProject Value="True"/>
      </Unit0>
      <Unit1>
        <Filename Value="unit1.pas"/>
        <IsPartOfProject Value="True"/>
        <ComponentName Value="frmMain"/>
        <HasResources Value="True"/>
        <ResourceBaseClass Value="Form"/>
        <UnitName Value="Unit1"/>
      </Unit1>
    </Units>
  </ProjectOptions>
  <CompilerOptions>
    <Version Value="11"/>
    <PathDelim Value="\"/>
    <Target>
      <Filename Value="calctoolbox2"/>
    </Target>
    <SearchPaths>
      <IncludeFiles Value="$(ProjOutDir)"/>
      <OtherUnitFiles Value="DFFLibV15"/>
      <UnitOutputDirectory Value="lib\$(TargetCPU)-$(TargetOS)"/>
    </SearchPaths>
    <CodeGeneration>
      <SmartLinkUnit Value="True"/>
      <RelocatableUnit Value="True"/>
      <Optimizations>
        <OptimizationLevel Value="2"/>
      </Optimizations>
    </CodeGeneration>
    <Linking>
      <Debugging>
        <GenerateDebugInfo Value="False"/>
      </Debugging>
      <LinkSmart Value="True"/>
      <Options>
        <Win32>
          <GraphicApplication Value="True"/>
        </Win32>
      </Options>
    </Linking>
  </CompilerOptions>
  <Debugging>
    <Exceptions Count="3">
      <Item1>
        <Name Value="EAbort"/>
      </Item1>
      <Item2>
        <Name Value="ECodetoolError"/>
      </Item2>
      <Item3>
        <Name Value="EFOpenError"/>
      </Item3>
    </Exceptions>
  </Debugging>
</CONFIG>
